
Microsoft Visual Studio Solution File, Format Version 12.00
# Visual Studio Version 18
VisualStudioVersion = 18.6.11806.211 stable
MinimumVisualStudioVersion = 10.0.40219.1
Project("{FAE04EC0-301F-11D3-BF4B-00C04F79EFBC}") = "MultimidiaBack", "MultimidiaBack.csproj", "{AA3ED29E-D8BA-80BC-A69D-BDD8B42038AF}"
EndProject
Global
	GlobalSection(SolutionConfigurationPlatforms) = preSolution
		Debug|Any CPU = Debug|Any CPU
		Release|Any CPU = Release|Any CPU
	EndGlobalSection
	GlobalSection(ProjectConfigurationPlatforms) = postSolution
		{AA3ED29E-D8BA-80BC-A69D-BDD8B42038AF}.Debug|Any CPU.ActiveCfg = Debug|Any CPU
		{AA3ED29E-D8BA-80BC-A69D-BDD8B42038AF}.Debug|Any CPU.Build.0 = Debug|Any CPU
		{AA3ED29E-D8BA-80BC-A69D-BDD8B42038AF}.Release|Any CPU.ActiveCfg = Release|Any CPU
		{AA3ED29E-D8BA-80BC-A69D-BDD8B42038AF}.Release|Any CPU.Build.0 = Release|Any CPU
	EndGlobalSection
	GlobalSection(SolutionProperties) = preSolution
		HideSolutionNode = FALSE
	EndGlobalSection
	GlobalSection(ExtensibilityGlobals) = postSolution
		SolutionGuid = {E712DB89-5CEE-4A10-B4AD-314913CAA6B9}
	EndGlobalSection
EndGlobal
